
Microsoft Visual Studio Solution File, Format Version 12.00
# Visual Studio 15
VisualStudioVersion = 15.0.28307.1622
MinimumVisualStudioVersion = 10.0.40219.1
Project("{FAE04EC0-301F-11D3-BF4B-00C04F79EFBC}") = "Lab3_Invaders", "Lab3_Invaders\Lab3_Invaders.csproj", "{4A4ADA85-9564-4602-AD8C-6E82DE458AD4}"
EndProject
Global
	GlobalSection(SolutionConfigurationPlatforms) = preSolution
		Debug|Any CPU = Debug|Any CPU
		Release|Any CPU = Release|Any CPU
	EndGlobalSection
	GlobalSection(ProjectConfigurationPlatforms) = postSolution
		{4A4ADA85-9564-4602-AD8C-6E82DE458AD4}.Debug|Any CPU.ActiveCfg = Debug|Any CPU
		{4A4ADA85-9564-4602-AD8C-6E82DE458AD4}.Debug|Any CPU.Build.0 = Debug|Any CPU
		{4A4ADA85-9564-4602-AD8C-6E82DE458AD4}.Release|Any CPU.ActiveCfg = Release|Any CPU
		{4A4ADA85-9564-4602-AD8C-6E82DE458AD4}.Release|Any CPU.Build.0 = Release|Any CPU
	EndGlobalSection
	GlobalSection(SolutionProperties) = preSolution
		HideSolutionNode = FALSE
	EndGlobalSection
	GlobalSection(ExtensibilityGlobals) = postSolution
		SolutionGuid = {B46F9D8C-8172-4DA2-A867-AF36AE5060EA}
	EndGlobalSection
EndGlobal
