
Microsoft Visual Studio Solution File, Format Version 12.00
# Visual Studio 15
VisualStudioVersion = 15.0.28307.1622
MinimumVisualStudioVersion = 10.0.40219.1
Project("{FAE04EC0-301F-11D3-BF4B-00C04F79EFBC}") = "Lab2_TheQuest", "Lab2_TheQuest\Lab2_TheQuest.csproj", "{DFBFC653-1934-4C0E-AAEC-451D8642BDA4}"
EndProject
Global
	GlobalSection(SolutionConfigurationPlatforms) = preSolution
		Debug|Any CPU = Debug|Any CPU
		Release|Any CPU = Release|Any CPU
	EndGlobalSection
	GlobalSection(ProjectConfigurationPlatforms) = postSolution
		{DFBFC653-1934-4C0E-AAEC-451D8642BDA4}.Debug|Any CPU.ActiveCfg = Debug|Any CPU
		{DFBFC653-1934-4C0E-AAEC-451D8642BDA4}.Debug|Any CPU.Build.0 = Debug|Any CPU
		{DFBFC653-1934-4C0E-AAEC-451D8642BDA4}.Release|Any CPU.ActiveCfg = Release|Any CPU
		{DFBFC653-1934-4C0E-AAEC-451D8642BDA4}.Release|Any CPU.Build.0 = Release|Any CPU
	EndGlobalSection
	GlobalSection(SolutionProperties) = preSolution
		HideSolutionNode = FALSE
	EndGlobalSection
	GlobalSection(ExtensibilityGlobals) = postSolution
		SolutionGuid = {68DA4A5B-2C92-42E8-93F3-FABF281F2853}
	EndGlobalSection
EndGlobal
