<?xml version="1.0" encoding="utf-8"?>
<Project ToolsVersion="4.0" xmlns="http://schemas.microsoft.com/developer/msbuild/2003">
  <ItemGroup>
    <Filter Include="소스 파일">
      <UniqueIdentifier>{4FC737F1-C7A5-4376-A066-2A32D752A2FF}</UniqueIdentifier>
      <Extensions>cpp;c;cc;cxx;def;odl;idl;hpj;bat;asm;asmx</Extensions>
    </Filter>
    <Filter Include="헤더 파일">
      <UniqueIdentifier>{93995380-89BD-4b04-88EB-625FBE52EBFB}</UniqueIdentifier>
      <Extensions>h;hh;hpp;hxx;hm;inl;inc;ipp;xsd</Extensions>
    </Filter>
    <Filter Include="리소스 파일">
      <UniqueIdentifier>{67DA6AB6-F800-4c08-8B7A-83BB121AAD01}</UniqueIdentifier>
      <Extensions>rc;ico;cur;bmp;dlg;rc2;rct;bin;rgs;gif;jpg;jpeg;jpe;resx;tiff;tif;png;wav;mfcribbon-ms</Extensions>
    </Filter>
  </ItemGroup>
  <ItemGroup>
    <ClCompile Include="May11.cpp">
      <Filter>소스 파일</Filter>
    </ClCompile>
    <ClCompile Include="May12.cpp">
      <Filter>소스 파일</Filter>
    </ClCompile>
    <ClCompile Include="May13.cpp">
      <Filter>소스 파일</Filter>
    </ClCompile>
    <ClCompile Include="May14.cpp">
      <Filter>소스 파일</Filter>
    </ClCompile>
    <ClCompile Include="sort_and_search.cpp">
      <Filter>소스 파일</Filter>
    </ClCompile>
    <ClCompile Include="May20.cpp">
      <Filter>소스 파일</Filter>
    </ClCompile>
    <ClCompile Include="May21.cpp">
      <Filter>소스 파일</Filter>
    </ClCompile>
    <ClCompile Include="Gacha.cpp">
      <Filter>소스 파일</Filter>
    </ClCompile>
    <ClCompile Include="May25.cpp">
      <Filter>소스 파일</Filter>
    </ClCompile>
    <ClCompile Include="complex_number.cpp">
      <Filter>소스 파일</Filter>
    </ClCompile>
    <ClCompile Include="pocket_calcurator.cpp">
      <Filter>소스 파일</Filter>
    </ClCompile>
    <ClCompile Include="May28.cpp">
      <Filter>소스 파일</Filter>
    </ClCompile>
    <ClCompile Include="May27.cpp">
      <Filter>소스 파일</Filter>
    </ClCompile>
    <ClCompile Include="Circle.cpp">
      <Filter>소스 파일</Filter>
    </ClCompile>
    <ClCompile Include="Rectangle.cpp">
      <Filter>소스 파일</Filter>
    </ClCompile>
    <ClCompile Include="hangman.cpp">
      <Filter>소스 파일</Filter>
    </ClCompile>
    <ClCompile Include="June1.cpp">
      <Filter>소스 파일</Filter>
    </ClCompile>
    <ClCompile Include="June2.cpp">
      <Filter>소스 파일</Filter>
    </ClCompile>
    <ClCompile Include="Geometric.cpp">
      <Filter>소스 파일</Filter>
    </ClCompile>
    <ClCompile Include="June3.cpp">
      <Filter>소스 파일</Filter>
    </ClCompile>
    <ClCompile Include="sh01.cpp">
      <Filter>소스 파일</Filter>
    </ClCompile>
    <ClCompile Include="June4.cpp">
      <Filter>소스 파일</Filter>
    </ClCompile>
    <ClCompile Include="June8.cpp">
      <Filter>소스 파일</Filter>
    </ClCompile>
    <ClCompile Include="June9.cpp">
      <Filter>소스 파일</Filter>
    </ClCompile>
    <ClCompile Include="June10.cpp">
      <Filter>소스 파일</Filter>
    </ClCompile>
    <ClCompile Include="June11.cpp">
      <Filter>소스 파일</Filter>
    </ClCompile>
    <ClCompile Include="June15.cpp">
      <Filter>소스 파일</Filter>
    </ClCompile>
    <ClCompile Include="June16.cpp">
      <Filter>소스 파일</Filter>
    </ClCompile>
    <ClCompile Include="June17.cpp">
      <Filter>소스 파일</Filter>
    </ClCompile>
    <ClCompile Include="June18.cpp">
      <Filter>소스 파일</Filter>
    </ClCompile>
    <ClCompile Include="June23.cpp">
      <Filter>소스 파일</Filter>
    </ClCompile>
    <ClCompile Include="List.cpp">
      <Filter>소스 파일</Filter>
    </ClCompile>
    <ClCompile Include="complex_number.h">
      <Filter>헤더 파일</Filter>
    </ClCompile>
    <ClCompile Include="Stack.cpp">
      <Filter>소스 파일</Filter>
    </ClCompile>
    <ClCompile Include="Sort.cpp">
      <Filter>소스 파일</Filter>
    </ClCompile>
    <ClCompile Include="Queue.cpp">
      <Filter>소스 파일</Filter>
    </ClCompile>
    <ClCompile Include="BinaryTree.cpp">
      <Filter>소스 파일</Filter>
    </ClCompile>
    <ClCompile Include="June25.cpp">
      <Filter>소스 파일</Filter>
    </ClCompile>
    <ClCompile Include="June30.cpp">
      <Filter>소스 파일</Filter>
    </ClCompile>
    <ClCompile Include="July2.cpp">
      <Filter>소스 파일</Filter>
    </ClCompile>
    <ClCompile Include="AVLtree.cpp">
      <Filter>소스 파일</Filter>
    </ClCompile>
    <ClCompile Include="dijkstra.cpp">
      <Filter>소스 파일</Filter>
    </ClCompile>
    <ClCompile Include="astar.cpp">
      <Filter>소스 파일</Filter>
    </ClCompile>
    <ClCompile Include="Jan5.cpp">
      <Filter>소스 파일</Filter>
    </ClCompile>
  </ItemGroup>
  <ItemGroup>
    <ClInclude Include="TnT.h">
      <Filter>소스 파일</Filter>
    </ClInclude>
    <ClInclude Include="workermi.h">
      <Filter>헤더 파일</Filter>
    </ClInclude>
    <ClInclude Include="pocket_calcurator.h">
      <Filter>헤더 파일</Filter>
    </ClInclude>
    <ClInclude Include="List.h">
      <Filter>헤더 파일</Filter>
    </ClInclude>
    <ClInclude Include="Circle.h">
      <Filter>헤더 파일</Filter>
    </ClInclude>
    <ClInclude Include="Geometric.h">
      <Filter>헤더 파일</Filter>
    </ClInclude>
    <ClInclude Include="Queue.h">
      <Filter>헤더 파일</Filter>
    </ClInclude>
    <ClInclude Include="Rectangle.h">
      <Filter>헤더 파일</Filter>
    </ClInclude>
    <ClInclude Include="Sort.h">
      <Filter>헤더 파일</Filter>
    </ClInclude>
    <ClInclude Include="Stack.h">
      <Filter>헤더 파일</Filter>
    </ClInclude>
    <ClInclude Include="BinaryTree.h">
      <Filter>헤더 파일</Filter>
    </ClInclude>
    <ClInclude Include="AVLtree.h">
      <Filter>헤더 파일</Filter>
    </ClInclude>
  </ItemGroup>
  <ItemGroup>
    <Text Include="input.txt">
      <Filter>리소스 파일</Filter>
    </Text>
  </ItemGroup>
</Project>